
Microsoft Visual Studio Solution File, Format Version 12.00
# Visual Studio Version 17
VisualStudioVersion = 17.4.33122.133
MinimumVisualStudioVersion = 10.0.40219.1
Project("{FAE04EC0-301F-11D3-BF4B-00C04F79EFBC}") = "Nhom9-QuanLyBanHang", "Nhom9-QuanLyBanHang.csproj", "{443685B2-317B-4652-9AE2-033535B5D0BE}"
EndProject
Global
	GlobalSection(SolutionConfigurationPlatforms) = preSolution
		Debug|Any CPU = Debug|Any CPU
		Release|Any CPU = Release|Any CPU
	EndGlobalSection
	GlobalSection(ProjectConfigurationPlatforms) = postSolution
		{443685B2-317B-4652-9AE2-033535B5D0BE}.Debug|Any CPU.ActiveCfg = Debug|Any CPU
		{443685B2-317B-4652-9AE2-033535B5D0BE}.Debug|Any CPU.Build.0 = Debug|Any CPU
		{443685B2-317B-4652-9AE2-033535B5D0BE}.Release|Any CPU.ActiveCfg = Release|Any CPU
		{443685B2-317B-4652-9AE2-033535B5D0BE}.Release|Any CPU.Build.0 = Release|Any CPU
	EndGlobalSection
	GlobalSection(SolutionProperties) = preSolution
		HideSolutionNode = FALSE
	EndGlobalSection
	GlobalSection(ExtensibilityGlobals) = postSolution
		SolutionGuid = {CB40C1DE-1B6E-404B-9F52-8D3DFE567C2E}
	EndGlobalSection
EndGlobal
